// !$*UTF8*$!
{
	archiveVersion = 1;
	classes = {
	};
	objectVersion = 56;
	objects = {

/* Begin PBXBuildFile section */
		1630279B2CAAECF9003051B2 /* Intergalactic_TravelApp.swift in Sources */ = {isa = PBXBuildFile; fileRef = 1630279A2CAAECF9003051B2 /* Intergalactic_TravelApp.swift */; };
		1630279D2CAAECF9003051B2 /* ContentView.swift in Sources */ = {isa = PBXBuildFile; fileRef = 1630279C2CAAECF9003051B2 /* ContentView.swift */; };
		1630279F2CAAECFA003051B2 /* Assets.xcassets in Resources */ = {isa = PBXBuildFile; fileRef = 1630279E2CAAECFA003051B2 /* Assets.xcassets */; };
		163027A22CAAECFA003051B2 /* Preview Assets.xcassets in Resources */ = {isa = PBXBuildFile; fileRef = 163027A12CAAECFA003051B2 /* Preview Assets.xcassets */; };
		163027AC2CAAECFA003051B2 /* Intergalactic_TravelTests.swift in Sources */ = {isa = PBXBuildFile; fileRef = 163027AB2CAAECFA003051B2 /* Intergalactic_TravelTests.swift */; };
		163027B62CAAECFA003051B2 /* Intergalactic_TravelUITests.swift in Sources */ = {isa = PBXBuildFile; fileRef = 163027B52CAAECFA003051B2 /* Intergalactic_TravelUITests.swift */; };
		163027B82CAAECFA003051B2 /* Intergalactic_TravelUITestsLaunchTests.swift in Sources */ = {isa = PBXBuildFile; fileRef = 163027B72CAAECFA003051B2 /* Intergalactic_TravelUITestsLaunchTests.swift */; };
/* End PBXBuildFile section */

/* Begin PBXContainerItemProxy section */
		163027A82CAAECFA003051B2 /* PBXContainerItemProxy */ = {
			isa = PBXContainerItemProxy;
			containerPortal = 1630278F2CAAECF8003051B2 /* Project object */;
			proxyType = 1;
			remoteGlobalIDString = 163027962CAAECF8003051B2;
			remoteInfo = "Intergalactic Travel";
		};
		163027B22CAAECFA003051B2 /* PBXContainerItemProxy */ = {
			isa = PBXContainerItemProxy;
			containerPortal = 1630278F2CAAECF8003051B2 /* Project object */;
			proxyType = 1;
			remoteGlobalIDString = 163027962CAAECF8003051B2;
			remoteInfo = "Intergalactic Travel";
		};
/* End PBXContainerItemProxy section */

/* Begin PBXFileReference section */
		163027972CAAECF9003051B2 /* Intergalactic Travel.app */ = {isa = PBXFileReference; explicitFileType = wrapper.application; includeInIndex = 0; path = "Intergalactic Travel.app"; sourceTree = BUILT_PRODUCTS_DIR; };
		1630279A2CAAECF9003051B2 /* Intergalactic_TravelApp.swift */ = {isa = PBXFileReference; lastKnownFileType = sourcecode.swift; path = Intergalactic_TravelApp.swift; sourceTree = "<group>"; };
		1630279C2CAAECF9003051B2 /* ContentView.swift */ = {isa = PBXFileReference; lastKnownFileType = sourcecode.swift; path = ContentView.swift; sourceTree = "<group>"; };
		1630279E2CAAECFA003051B2 /* Assets.xcassets */ = {isa = PBXFileReference; lastKnownFileType = folder.assetcatalog; path = Assets.xcassets; sourceTree = "<group>"; };
		163027A12CAAECFA003051B2 /* Preview Assets.xcassets */ = {isa = PBXFileReference; lastKnownFileType = folder.assetcatalog; path = "Preview Assets.xcassets"; sourceTree = "<group>"; };
		163027A72CAAECFA003051B2 /* Intergalactic TravelTests.xctest */ = {isa = PBXFileReference; explicitFileType = wrapper.cfbundle; includeInIndex = 0; path = "Intergalactic TravelTests.xctest"; sourceTree = BUILT_PRODUCTS_DIR; };
		163027AB2CAAECFA003051B2 /* Intergalactic_TravelTests.swift */ = {isa = PBXFileReference; lastKnownFileType = sourcecode.swift; path = Intergalactic_TravelTests.swift; sourceTree = "<group>"; };
		163027B12CAAECFA003051B2 /* Intergalactic TravelUITests.xctest */ = {isa = PBXFileReference; explicitFileType = wrapper.cfbundle; includeInIndex = 0; path = "Intergalactic TravelUITests.xctest"; sourceTree = BUILT_PRODUCTS_DIR; };
		163027B52CAAECFA003051B2 /* Intergalactic_TravelUITests.swift */ = {isa = PBXFileReference; lastKnownFileType = sourcecode.swift; path = Intergalactic_TravelUITests.swift; sourceTree = "<group>"; };
		163027B72CAAECFA003051B2 /* Intergalactic_TravelUITestsLaunchTests.swift */ = {isa = PBXFileReference; lastKnownFileType = sourcecode.swift; path = Intergalactic_TravelUITestsLaunchTests.swift; sourceTree = "<group>"; };
/* End PBXFileReference section */

/* Begin PBXFrameworksBuildPhase section */
		163027942CAAECF8003051B2 /* Frameworks */ = {
			isa = PBXFrameworksBuildPhase;
			buildActionMask = 2147483647;
			files = (
			);
			runOnlyForDeploymentPostprocessing = 0;
		};
		163027A42CAAECFA003051B2 /* Frameworks */ = {
			isa = PBXFrameworksBuildPhase;
			buildActionMask = 2147483647;
			files = (
			);
			runOnlyForDeploymentPostprocessing = 0;
		};
		163027AE2CAAECFA003051B2 /* Frameworks */ = {
			isa = PBXFrameworksBuildPhase;
			buildActionMask = 2147483647;
			files = (
			);
			runOnlyForDeploymentPostprocessing = 0;
		};
/* End PBXFrameworksBuildPhase section */

/* Begin PBXGroup section */
		1630278E2CAAECF8003051B2 = {
			isa = PBXGroup;
			children = (
				163027992CAAECF9003051B2 /* Intergalactic Travel */,
				163027AA2CAAECFA003051B2 /* Intergalactic TravelTests */,
				163027B42CAAECFA003051B2 /* Intergalactic TravelUITests */,
				163027982CAAECF9003051B2 /* Products */,
			);
			sourceTree = "<group>";
		};
		163027982CAAECF9003051B2 /* Products */ = {
			isa = PBXGroup;
			children = (
				163027972CAAECF9003051B2 /* Intergalactic Travel.app */,
				163027A72CAAECFA003051B2 /* Intergalactic TravelTests.xctest */,
				163027B12CAAECFA003051B2 /* Intergalactic TravelUITests.xctest */,
			);
			name = Products;
			sourceTree = "<group>";
		};
		163027992CAAECF9003051B2 /* Intergalactic Travel */ = {
			isa = PBXGroup;
			children = (
				1630279A2CAAECF9003051B2 /* Intergalactic_TravelApp.swift */,
				1630279C2CAAECF9003051B2 /* ContentView.swift */,
				1630279E2CAAECFA003051B2 /* Assets.xcassets */,
				163027A02CAAECFA003051B2 /* Preview Content */,
			);
			path = "Intergalactic Travel";
			sourceTree = "<group>";
		};
		163027A02CAAECFA003051B2 /* Preview Content */ = {
			isa = PBXGroup;
			children = (
				163027A12CAAECFA003051B2 /* Preview Assets.xcassets */,
			);
			path = "Preview Content";
			sourceTree = "<group>";
		};
		163027AA2CAAECFA003051B2 /* Intergalactic TravelTests */ = {
			isa = PBXGroup;
			children = (
				163027AB2CAAECFA003051B2 /* Intergalactic_TravelTests.swift */,
			);
			path = "Intergalactic TravelTests";
			sourceTree = "<group>";
		};
		163027B42CAAECFA003051B2 /* Intergalactic TravelUITests */ = {
			isa = PBXGroup;
			children = (
				163027B52CAAECFA003051B2 /* Intergalactic_TravelUITests.swift */,
				163027B72CAAECFA003051B2 /* Intergalactic_TravelUITestsLaunchTests.swift */,
			);
			path = "Intergalactic TravelUITests";
			sourceTree = "<group>";
		};
/* End PBXGroup section */

/* Begin PBXNativeTarget section */
		163027962CAAECF8003051B2 /* Intergalactic Travel */ = {
			isa = PBXNativeTarget;
			buildConfigurationList = 163027BB2CAAECFA003051B2 /* Build configuration list for PBXNativeTarget "Intergalactic Travel" */;
			buildPhases = (
				163027932CAAECF8003051B2 /* Sources */,
				163027942CAAECF8003051B2 /* Frameworks */,
				163027952CAAECF8003051B2 /* Resources */,
			);
			buildRules = (
			);
			dependencies = (
			);
			name = "Intergalactic Travel";
			productName = "Intergalactic Travel";
			productReference = 163027972CAAECF9003051B2 /* Intergalactic Travel.app */;
			productType = "com.apple.product-type.application";
		};
		163027A62CAAECFA003051B2 /* Intergalactic TravelTests */ = {
			isa = PBXNativeTarget;
			buildConfigurationList = 163027BE2CAAECFA003051B2 /* Build configuration list for PBXNativeTarget "Intergalactic TravelTests" */;
			buildPhases = (
				163027A32CAAECFA003051B2 /* Sources */,
				163027A42CAAECFA003051B2 /* Frameworks */,
				163027A52CAAECFA003051B2 /* Resources */,
			);
			buildRules = (
			);
			dependencies = (
				163027A92CAAECFA003051B2 /* PBXTargetDependency */,
			);
			name = "Intergalactic TravelTests";
			productName = "Intergalactic TravelTests";
			productReference = 163027A72CAAECFA003051B2 /* Intergalactic TravelTests.xctest */;
			productType = "com.apple.product-type.bundle.unit-test";
		};
		163027B02CAAECFA003051B2 /* Intergalactic TravelUITests */ = {
			isa = PBXNativeTarget;
			buildConfigurationList = 163027C12CAAECFA003051B2 /* Build configuration list for PBXNativeTarget "Intergalactic TravelUITests" */;
			buildPhases = (
				163027AD2CAAECFA003051B2 /* Sources */,
				163027AE2CAAECFA003051B2 /* Frameworks */,
				163027AF2CAAECFA003051B2 /* Resources */,
			);
			buildRules = (
			);
			dependencies = (
				163027B32CAAECFA003051B2 /* PBXTargetDependency */,
			);
			name = "Intergalactic TravelUITests";
			productName = "Intergalactic TravelUITests";
			productReference = 163027B12CAAECFA003051B2 /* Intergalactic TravelUITests.xctest */;
			productType = "com.apple.product-type.bundle.ui-testing";
		};
/* End PBXNativeTarget section */

/* Begin PBXProject section */
		1630278F2CAAECF8003051B2 /* Project object */ = {
			isa = PBXProject;
			attributes = {
				BuildIndependentTargetsInParallel = 1;
				LastSwiftUpdateCheck = 1540;
				LastUpgradeCheck = 1540;
				TargetAttributes = {
					163027962CAAECF8003051B2 = {
						CreatedOnToolsVersion = 15.4;
					};
					163027A62CAAECFA003051B2 = {
						CreatedOnToolsVersion = 15.4;
						TestTargetID = 163027962CAAECF8003051B2;
					};
					163027B02CAAECFA003051B2 = {
						CreatedOnToolsVersion = 15.4;
						TestTargetID = 163027962CAAECF8003051B2;
					};
				};
			};
			buildConfigurationList = 163027922CAAECF8003051B2 /* Build configuration list for PBXProject "Intergalactic Travel" */;
			compatibilityVersion = "Xcode 14.0";
			developmentRegion = en;
			hasScannedForEncodings = 0;
			knownRegions = (
				en,
				Base,
			);
			mainGroup = 1630278E2CAAECF8003051B2;
			productRefGroup = 163027982CAAECF9003051B2 /* Products */;
			projectDirPath = "";
			projectRoot = "";
			targets = (
				163027962CAAECF8003051B2 /* Intergalactic Travel */,
				163027A62CAAECFA003051B2 /* Intergalactic TravelTests */,
				163027B02CAAECFA003051B2 /* Intergalactic TravelUITests */,
			);
		};
/* End PBXProject section */

/* Begin PBXResourcesBuildPhase section */
		163027952CAAECF8003051B2 /* Resources */ = {
			isa = PBXResourcesBuildPhase;
			buildActionMask = 2147483647;
			files = (
				163027A22CAAECFA003051B2 /* Preview Assets.xcassets in Resources */,
				1630279F2CAAECFA003051B2 /* Assets.xcassets in Resources */,
			);
			runOnlyForDeploymentPostprocessing = 0;
		};
		163027A52CAAECFA003051B2 /* Resources */ = {
			isa = PBXResourcesBuildPhase;
			buildActionMask = 2147483647;
			files = (
			);
			runOnlyForDeploymentPostprocessing = 0;
		};
		163027AF2CAAECFA003051B2 /* Resources */ = {
			isa = PBXResourcesBuildPhase;
			buildActionMask = 2147483647;
			files = (
			);
			runOnlyForDeploymentPostprocessing = 0;
		};
/* End PBXResourcesBuildPhase section */

/* Begin PBXSourcesBuildPhase section */
		163027932CAAECF8003051B2 /* Sources */ = {
			isa = PBXSourcesBuildPhase;
			buildActionMask = 2147483647;
			files = (
				1630279D2CAAECF9003051B2 /* ContentView.swift in Sources */,
				1630279B2CAAECF9003051B2 /* Intergalactic_TravelApp.swift in Sources */,
			);
			runOnlyForDeploymentPostprocessing = 0;
		};
		163027A32CAAECFA003051B2 /* Sources */ = {
			isa = PBXSourcesBuildPhase;
			buildActionMask = 2147483647;
			files = (
				163027AC2CAAECFA003051B2 /* Intergalactic_TravelTests.swift in Sources */,
			);
			runOnlyForDeploymentPostprocessing = 0;
		};
		163027AD2CAAECFA003051B2 /* Sources */ = {
			isa = PBXSourcesBuildPhase;
			buildActionMask = 2147483647;
			files = (
				163027B62CAAECFA003051B2 /* Intergalactic_TravelUITests.swift in Sources */,
				163027B82CAAECFA003051B2 /* Intergalactic_TravelUITestsLaunchTests.swift in Sources */,
			);
			runOnlyForDeploymentPostprocessing = 0;
		};
/* End PBXSourcesBuildPhase section */

/* Begin PBXTargetDependency section */
		163027A92CAAECFA003051B2 /* PBXTargetDependency */ = {
			isa = PBXTargetDependency;
			target = 163027962CAAECF8003051B2 /* Intergalactic Travel */;
			targetProxy = 163027A82CAAECFA003051B2 /* PBXContainerItemProxy */;
		};
		163027B32CAAECFA003051B2 /* PBXTargetDependency */ = {
			isa = PBXTargetDependency;
			target = 163027962CAAECF8003051B2 /* Intergalactic Travel */;
			targetProxy = 163027B22CAAECFA003051B2 /* PBXContainerItemProxy */;
		};
/* End PBXTargetDependency section */

/* Begin XCBuildConfiguration section */
		163027B92CAAECFA003051B2 /* Debug */ = {
			isa = XCBuildConfiguration;
			buildSettings = {
				ALWAYS_SEARCH_USER_PATHS = NO;
				ASSETCATALOG_COMPILER_GENERATE_SWIFT_ASSET_SYMBOL_EXTENSIONS = YES;
				CLANG_ANALYZER_NONNULL = YES;
				CLANG_ANALYZER_NUMBER_OBJECT_CONVERSION = YES_AGGRESSIVE;
				CLANG_CXX_LANGUAGE_STANDARD = "gnu++20";
				CLANG_ENABLE_MODULES = YES;
				CLANG_ENABLE_OBJC_ARC = YES;
				CLANG_ENABLE_OBJC_WEAK = YES;
				CLANG_WARN_BLOCK_CAPTURE_AUTORELEASING = YES;
				CLANG_WARN_BOOL_CONVERSION = YES;
				CLANG_WARN_COMMA = YES;
				CLANG_WARN_CONSTANT_CONVERSION = YES;
				CLANG_WARN_DEPRECATED_OBJC_IMPLEMENTATIONS = YES;
				CLANG_WARN_DIRECT_OBJC_ISA_USAGE = YES_ERROR;
				CLANG_WARN_DOCUMENTATION_COMMENTS = YES;
				CLANG_WARN_EMPTY_BODY = YES;
				CLANG_WARN_ENUM_CONVERSION = YES;
				CLANG_WARN_INFINITE_RECURSION = YES;
				CLANG_WARN_INT_CONVERSION = YES;
				CLANG_WARN_NON_LITERAL_NULL_CONVERSION = YES;
				CLANG_WARN_OBJC_IMPLICIT_RETAIN_SELF = YES;
				CLANG_WARN_OBJC_LITERAL_CONVERSION = YES;
				CLANG_WARN_OBJC_ROOT_CLASS = YES_ERROR;
				CLANG_WARN_QUOTED_INCLUDE_IN_FRAMEWORK_HEADER = YES;
				CLANG_WARN_RANGE_LOOP_ANALYSIS = YES;
				CLANG_WARN_STRICT_PROTOTYPES = YES;
				CLANG_WARN_SUSPICIOUS_MOVE = YES;
				CLANG_WARN_UNGUARDED_AVAILABILITY = YES_AGGRESSIVE;
				CLANG_WARN_UNREACHABLE_CODE = YES;
				CLANG_WARN__DUPLICATE_METHOD_MATCH = YES;
				COPY_PHASE_STRIP = NO;
				DEBUG_INFORMATION_FORMAT = dwarf;
				ENABLE_STRICT_OBJC_MSGSEND = YES;
				ENABLE_TESTABILITY = YES;
				ENABLE_USER_SCRIPT_SANDBOXING = YES;
				GCC_C_LANGUAGE_STANDARD = gnu17;
				GCC_DYNAMIC_NO_PIC = NO;
				GCC_NO_COMMON_BLOCKS = YES;
				GCC_OPTIMIZATION_LEVEL = 0;
				GCC_PREPROCESSOR_DEFINITIONS = (
					"DEBUG=1",
					"$(inherited)",
				);
				GCC_WARN_64_TO_32_BIT_CONVERSION = YES;
				GCC_WARN_ABOUT_RETURN_TYPE = YES_ERROR;
				GCC_WARN_UNDECLARED_SELECTOR = YES;
				GCC_WARN_UNINITIALIZED_AUTOS = YES_AGGRESSIVE;
				GCC_WARN_UNUSED_FUNCTION = YES;
				GCC_WARN_UNUSED_VARIABLE = YES;
				IPHONEOS_DEPLOYMENT_TARGET = 17.5;
				LOCALIZATION_PREFERS_STRING_CATALOGS = YES;
				MTL_ENABLE_DEBUG_INFO = INCLUDE_SOURCE;
				MTL_FAST_MATH = YES;
				ONLY_ACTIVE_ARCH = YES;
				SDKROOT = iphoneos;
				SWIFT_ACTIVE_COMPILATION_CONDITIONS = "DEBUG $(inherited)";
				SWIFT_OPTIMIZATION_LEVEL = "-Onone";
			};
			name = Debug;
		};
		163027BA2CAAECFA003051B2 /* Release */ = {
			isa = XCBuildConfiguration;
			buildSettings = {
				ALWAYS_SEARCH_USER_PATHS = NO;
				ASSETCATALOG_COMPILER_GENERATE_SWIFT_ASSET_SYMBOL_EXTENSIONS = YES;
				CLANG_ANALYZER_NONNULL = YES;
				CLANG_ANALYZER_NUMBER_OBJECT_CONVERSION = YES_AGGRESSIVE;
				CLANG_CXX_LANGUAGE_STANDARD = "gnu++20";
				CLANG_ENABLE_MODULES = YES;
				CLANG_ENABLE_OBJC_ARC = YES;
				CLANG_ENABLE_OBJC_WEAK = YES;
				CLANG_WARN_BLOCK_CAPTURE_AUTORELEASING = YES;
				CLANG_WARN_BOOL_CONVERSION = YES;
				CLANG_WARN_COMMA = YES;
				CLANG_WARN_CONSTANT_CONVERSION = YES;
				CLANG_WARN_DEPRECATED_OBJC_IMPLEMENTATIONS = YES;
				CLANG_WARN_DIRECT_OBJC_ISA_USAGE = YES_ERROR;
				CLANG_WARN_DOCUMENTATION_COMMENTS = YES;
				CLANG_WARN_EMPTY_BODY = YES;
				CLANG_WARN_ENUM_CONVERSION = YES;
				CLANG_WARN_INFINITE_RECURSION = YES;
				CLANG_WARN_INT_CONVERSION = YES;
				CLANG_WARN_NON_LITERAL_NULL_CONVERSION = YES;
				CLANG_WARN_OBJC_IMPLICIT_RETAIN_SELF = YES;
				CLANG_WARN_OBJC_LITERAL_CONVERSION = YES;
				CLANG_WARN_OBJC_ROOT_CLASS = YES_ERROR;
				CLANG_WARN_QUOTED_INCLUDE_IN_FRAMEWORK_HEADER = YES;
				CLANG_WARN_RANGE_LOOP_ANALYSIS = YES;
				CLANG_WARN_STRICT_PROTOTYPES = YES;
				CLANG_WARN_SUSPICIOUS_MOVE = YES;
				CLANG_WARN_UNGUARDED_AVAILABILITY = YES_AGGRESSIVE;
				CLANG_WARN_UNREACHABLE_CODE = YES;
				CLANG_WARN__DUPLICATE_METHOD_MATCH = YES;
				COPY_PHASE_STRIP = NO;
				DEBUG_INFORMATION_FORMAT = "dwarf-with-dsym";
				ENABLE_NS_ASSERTIONS = NO;
				ENABLE_STRICT_OBJC_MSGSEND = YES;
				ENABLE_USER_SCRIPT_SANDBOXING = YES;
				GCC_C_LANGUAGE_STANDARD = gnu17;
				GCC_NO_COMMON_BLOCKS = YES;
				GCC_WARN_64_TO_32_BIT_CONVERSION = YES;
				GCC_WARN_ABOUT_RETURN_TYPE = YES_ERROR;
				GCC_WARN_UNDECLARED_SELECTOR = YES;
				GCC_WARN_UNINITIALIZED_AUTOS = YES_AGGRESSIVE;
				GCC_WARN_UNUSED_FUNCTION = YES;
				GCC_WARN_UNUSED_VARIABLE = YES;
				IPHONEOS_DEPLOYMENT_TARGET = 17.5;
				LOCALIZATION_PREFERS_STRING_CATALOGS = YES;
				MTL_ENABLE_DEBUG_INFO = NO;
				MTL_FAST_MATH = YES;
				SDKROOT = iphoneos;
				SWIFT_COMPILATION_MODE = wholemodule;
				VALIDATE_PRODUCT = YES;
			};
			name = Release;
		};
		163027BC2CAAECFA003051B2 /* Debug */ = {
			isa = XCBuildConfiguration;
			buildSettings = {
				ASSETCATALOG_COMPILER_APPICON_NAME = AppIcon;
				ASSETCATALOG_COMPILER_GLOBAL_ACCENT_COLOR_NAME = AccentColor;
				CODE_SIGN_STYLE = Automatic;
				CURRENT_PROJECT_VERSION = 1;
				DEVELOPMENT_ASSET_PATHS = "\"Intergalactic Travel/Preview Content\"";
				DEVELOPMENT_TEAM = P2TQUSUDZ6;
				ENABLE_PREVIEWS = YES;
				GENERATE_INFOPLIST_FILE = YES;
				INFOPLIST_KEY_UIApplicationSceneManifest_Generation = YES;
				INFOPLIST_KEY_UIApplicationSupportsIndirectInputEvents = YES;
				INFOPLIST_KEY_UILaunchScreen_Generation = YES;
				INFOPLIST_KEY_UISupportedInterfaceOrientations_iPad = "UIInterfaceOrientationPortrait UIInterfaceOrientationPortraitUpsideDown UIInterfaceOrientationLandscapeLeft UIInterfaceOrientationLandscapeRight";
				INFOPLIST_KEY_UISupportedInterfaceOrientations_iPhone = "UIInterfaceOrientationPortrait UIInterfaceOrientationLandscapeLeft UIInterfaceOrientationLandscapeRight";
				LD_RUNPATH_SEARCH_PATHS = (
					"$(inherited)",
					"@executable_path/Frameworks",
				);
				MARKETING_VERSION = 1.0;
				PRODUCT_BUNDLE_IDENTIFIER = "com.zane.Intergalactic-Travel";
				PRODUCT_NAME = "$(TARGET_NAME)";
				SWIFT_EMIT_LOC_STRINGS = YES;
				SWIFT_VERSION = 5.0;
				TARGETED_DEVICE_FAMILY = "1,2";
			};
			name = Debug;
		};
		163027BD2CAAECFA003051B2 /* Release */ = {
			isa = XCBuildConfiguration;
			buildSettings = {
				ASSETCATALOG_COMPILER_APPICON_NAME = AppIcon;
				ASSETCATALOG_COMPILER_GLOBAL_ACCENT_COLOR_NAME = AccentColor;
				CODE_SIGN_STYLE = Automatic;
				CURRENT_PROJECT_VERSION = 1;
				DEVELOPMENT_ASSET_PATHS = "\"Intergalactic Travel/Preview Content\"";
				DEVELOPMENT_TEAM = P2TQUSUDZ6;
				ENABLE_PREVIEWS = YES;
				GENERATE_INFOPLIST_FILE = YES;
				INFOPLIST_KEY_UIApplicationSceneManifest_Generation = YES;
				INFOPLIST_KEY_UIApplicationSupportsIndirectInputEvents = YES;
				INFOPLIST_KEY_UILaunchScreen_Generation = YES;
				INFOPLIST_KEY_UISupportedInterfaceOrientations_iPad = "UIInterfaceOrientationPortrait UIInterfaceOrientationPortraitUpsideDown UIInterfaceOrientationLandscapeLeft UIInterfaceOrientationLandscapeRight";
				INFOPLIST_KEY_UISupportedInterfaceOrientations_iPhone = "UIInterfaceOrientationPortrait UIInterfaceOrientationLandscapeLeft UIInterfaceOrientationLandscapeRight";
				LD_RUNPATH_SEARCH_PATHS = (
					"$(inherited)",
					"@executable_path/Frameworks",
				);
				MARKETING_VERSION = 1.0;
				PRODUCT_BUNDLE_IDENTIFIER = "com.zane.Intergalactic-Travel";
				PRODUCT_NAME = "$(TARGET_NAME)";
				SWIFT_EMIT_LOC_STRINGS = YES;
				SWIFT_VERSION = 5.0;
				TARGETED_DEVICE_FAMILY = "1,2";
			};
			name = Release;
		};
		163027BF2CAAECFA003051B2 /* Debug */ = {
			isa = XCBuildConfiguration;
			buildSettings = {
				ALWAYS_EMBED_SWIFT_STANDARD_LIBRARIES = YES;
				BUNDLE_LOADER = "$(TEST_HOST)";
				CODE_SIGN_STYLE = Automatic;
				CURRENT_PROJECT_VERSION = 1;
				DEVELOPMENT_TEAM = P2TQUSUDZ6;
				GENERATE_INFOPLIST_FILE = YES;
				IPHONEOS_DEPLOYMENT_TARGET = 17.5;
				MARKETING_VERSION = 1.0;
				PRODUCT_BUNDLE_IDENTIFIER = "com.zane.Intergalactic-TravelTests";
				PRODUCT_NAME = "$(TARGET_NAME)";
				SWIFT_EMIT_LOC_STRINGS = NO;
				SWIFT_VERSION = 5.0;
				TARGETED_DEVICE_FAMILY = "1,2";
				TEST_HOST = "$(BUILT_PRODUCTS_DIR)/Intergalactic Travel.app/$(BUNDLE_EXECUTABLE_FOLDER_PATH)/Intergalactic Travel";
			};
			name = Debug;
		};
		163027C02CAAECFA003051B2 /* Release */ = {
			isa = XCBuildConfiguration;
			buildSettings = {
				ALWAYS_EMBED_SWIFT_STANDARD_LIBRARIES = YES;
				BUNDLE_LOADER = "$(TEST_HOST)";
				CODE_SIGN_STYLE = Automatic;
				CURRENT_PROJECT_VERSION = 1;
				DEVELOPMENT_TEAM = P2TQUSUDZ6;
				GENERATE_INFOPLIST_FILE = YES;
				IPHONEOS_DEPLOYMENT_TARGET = 17.5;
				MARKETING_VERSION = 1.0;
				PRODUCT_BUNDLE_IDENTIFIER = "com.zane.Intergalactic-TravelTests";
				PRODUCT_NAME = "$(TARGET_NAME)";
				SWIFT_EMIT_LOC_STRINGS = NO;
				SWIFT_VERSION = 5.0;
				TARGETED_DEVICE_FAMILY = "1,2";
				TEST_HOST = "$(BUILT_PRODUCTS_DIR)/Intergalactic Travel.app/$(BUNDLE_EXECUTABLE_FOLDER_PATH)/Intergalactic Travel";
			};
			name = Release;
		};
		163027C22CAAECFA003051B2 /* Debug */ = {
			isa = XCBuildConfiguration;
			buildSettings = {
				ALWAYS_EMBED_SWIFT_STANDARD_LIBRARIES = YES;
				CODE_SIGN_STYLE = Automatic;
				CURRENT_PROJECT_VERSION = 1;
				DEVELOPMENT_TEAM = P2TQUSUDZ6;
				GENERATE_INFOPLIST_FILE = YES;
				MARKETING_VERSION = 1.0;
				PRODUCT_BUNDLE_IDENTIFIER = "com.zane.Intergalactic-TravelUITests";
				PRODUCT_NAME = "$(TARGET_NAME)";
				SWIFT_EMIT_LOC_STRINGS = NO;
				SWIFT_VERSION = 5.0;
				TARGETED_DEVICE_FAMILY = "1,2";
				TEST_TARGET_NAME = "Intergalactic Travel";
			};
			name = Debug;
		};
		163027C32CAAECFA003051B2 /* Release */ = {
			isa = XCBuildConfiguration;
			buildSettings = {
				ALWAYS_EMBED_SWIFT_STANDARD_LIBRARIES = YES;
				CODE_SIGN_STYLE = Automatic;
				CURRENT_PROJECT_VERSION = 1;
				DEVELOPMENT_TEAM = P2TQUSUDZ6;
				GENERATE_INFOPLIST_FILE = YES;
				MARKETING_VERSION = 1.0;
				PRODUCT_BUNDLE_IDENTIFIER = "com.zane.Intergalactic-TravelUITests";
				PRODUCT_NAME = "$(TARGET_NAME)";
				SWIFT_EMIT_LOC_STRINGS = NO;
				SWIFT_VERSION = 5.0;
				TARGETED_DEVICE_FAMILY = "1,2";
				TEST_TARGET_NAME = "Intergalactic Travel";
			};
			name = Release;
		};
/* End XCBuildConfiguration section */

/* Begin XCConfigurationList section */
		163027922CAAECF8003051B2 /* Build configuration list for PBXProject "Intergalactic Travel" */ = {
			isa = XCConfigurationList;
			buildConfigurations = (
				163027B92CAAECFA003051B2 /* Debug */,
				163027BA2CAAECFA003051B2 /* Release */,
			);
			defaultConfigurationIsVisible = 0;
			defaultConfigurationName = Release;
		};
		163027BB2CAAECFA003051B2 /* Build configuration list for PBXNativeTarget "Intergalactic Travel" */ = {
			isa = XCConfigurationList;
			buildConfigurations = (
				163027BC2CAAECFA003051B2 /* Debug */,
				163027BD2CAAECFA003051B2 /* Release */,
			);
			defaultConfigurationIsVisible = 0;
			defaultConfigurationName = Release;
		};
		163027BE2CAAECFA003051B2 /* Build configuration list for PBXNativeTarget "Intergalactic TravelTests" */ = {
			isa = XCConfigurationList;
			buildConfigurations = (
				163027BF2CAAECFA003051B2 /* Debug */,
				163027C02CAAECFA003051B2 /* Release */,
			);
			defaultConfigurationIsVisible = 0;
			defaultConfigurationName = Release;
		};
		163027C12CAAECFA003051B2 /* Build configuration list for PBXNativeTarget "Intergalactic TravelUITests" */ = {
			isa = XCConfigurationList;
			buildConfigurations = (
				163027C22CAAECFA003051B2 /* Debug */,
				163027C32CAAECFA003051B2 /* Release */,
			);
			defaultConfigurationIsVisible = 0;
			defaultConfigurationName = Release;
		};
/* End XCConfigurationList section */
	};
	rootObject = 1630278F2CAAECF8003051B2 /* Project object */;
}
